
Microsoft Visual Studio Solution File, Format Version 12.00
# Visual Studio Version 16
VisualStudioVersion = 16.0.31702.278
MinimumVisualStudioVersion = 10.0.40219.1
Project("{FAE04EC0-301F-11D3-BF4B-00C04F79EFBC}") = "TenderWin", "TenderWin\TenderWin.csproj", "{7CD502C2-B538-4F98-8D8E-5094880D06DA}"
EndProject
Global
	GlobalSection(SolutionConfigurationPlatforms) = preSolution
		Debug|Any CPU = Debug|Any CPU
		Release|Any CPU = Release|Any CPU
	EndGlobalSection
	GlobalSection(ProjectConfigurationPlatforms) = postSolution
		{7CD502C2-B538-4F98-8D8E-5094880D06DA}.Debug|Any CPU.ActiveCfg = Debug|Any CPU
		{7CD502C2-B538-4F98-8D8E-5094880D06DA}.Debug|Any CPU.Build.0 = Debug|Any CPU
		{7CD502C2-B538-4F98-8D8E-5094880D06DA}.Release|Any CPU.ActiveCfg = Release|Any CPU
		{7CD502C2-B538-4F98-8D8E-5094880D06DA}.Release|Any CPU.Build.0 = Release|Any CPU
	EndGlobalSection
	GlobalSection(SolutionProperties) = preSolution
		HideSolutionNode = FALSE
	EndGlobalSection
	GlobalSection(ExtensibilityGlobals) = postSolution
		SolutionGuid = {C436C900-50FB-4533-8D15-9C55D769AB7E}
	EndGlobalSection
EndGlobal
