
Microsoft Visual Studio Solution File, Format Version 12.00
# Visual Studio Version 16
VisualStudioVersion = 16.0.31702.278
MinimumVisualStudioVersion = 10.0.40219.1
Project("{FAE04EC0-301F-11D3-BF4B-00C04F79EFBC}") = "TenderWin", "TenderWin\TenderWin.csproj", "{7CD502C2-B538-4F98-8D8E-5094880D06DA}"
EndProject
Global
	GlobalSection(SolutionConfigurationPlatforms) = preSolution
		Debug|Any CPU = Debug|Any CPU
		Debug|x64 = Debug|x64
		Debug|x86 = Debug|x86
		Release|Any CPU = Release|Any CPU
		Release|x64 = Release|x64
		Release|x86 = Release|x86
		TenderWin|Any CPU = TenderWin|Any CPU
		TenderWin|x64 = TenderWin|x64
		TenderWin|x86 = TenderWin|x86
	EndGlobalSection
	GlobalSection(ProjectConfigurationPlatforms) = postSolution
		{7CD502C2-B538-4F98-8D8E-5094880D06DA}.Debug|Any CPU.ActiveCfg = Debug|Any CPU
		{7CD502C2-B538-4F98-8D8E-5094880D06DA}.Debug|Any CPU.Build.0 = Debug|Any CPU
		{7CD502C2-B538-4F98-8D8E-5094880D06DA}.Debug|x64.ActiveCfg = Debug|x64
		{7CD502C2-B538-4F98-8D8E-5094880D06DA}.Debug|x64.Build.0 = Debug|x64
		{7CD502C2-B538-4F98-8D8E-5094880D06DA}.Debug|x86.ActiveCfg = Debug|x86
		{7CD502C2-B538-4F98-8D8E-5094880D06DA}.Debug|x86.Build.0 = Debug|x86
		{7CD502C2-B538-4F98-8D8E-5094880D06DA}.Release|Any CPU.ActiveCfg = Release|Any CPU
		{7CD502C2-B538-4F98-8D8E-5094880D06DA}.Release|Any CPU.Build.0 = Release|Any CPU
		{7CD502C2-B538-4F98-8D8E-5094880D06DA}.Release|x64.ActiveCfg = Release|x64
		{7CD502C2-B538-4F98-8D8E-5094880D06DA}.Release|x64.Build.0 = Release|x64
		{7CD502C2-B538-4F98-8D8E-5094880D06DA}.Release|x86.ActiveCfg = Release|x86
		{7CD502C2-B538-4F98-8D8E-5094880D06DA}.Release|x86.Build.0 = Release|x86
		{7CD502C2-B538-4F98-8D8E-5094880D06DA}.TenderWin|Any CPU.ActiveCfg = TenderWin|Any CPU
		{7CD502C2-B538-4F98-8D8E-5094880D06DA}.TenderWin|Any CPU.Build.0 = TenderWin|Any CPU
		{7CD502C2-B538-4F98-8D8E-5094880D06DA}.TenderWin|x64.ActiveCfg = TenderWin|x64
		{7CD502C2-B538-4F98-8D8E-5094880D06DA}.TenderWin|x64.Build.0 = TenderWin|x64
		{7CD502C2-B538-4F98-8D8E-5094880D06DA}.TenderWin|x86.ActiveCfg = TenderWin|x86
		{7CD502C2-B538-4F98-8D8E-5094880D06DA}.TenderWin|x86.Build.0 = TenderWin|x86
	EndGlobalSection
	GlobalSection(SolutionProperties) = preSolution
		HideSolutionNode = FALSE
	EndGlobalSection
	GlobalSection(ExtensibilityGlobals) = postSolution
		SolutionGuid = {C436C900-50FB-4533-8D15-9C55D769AB7E}
	EndGlobalSection
EndGlobal
